// !$*UTF8*$!
{
	archiveVersion = 1;
	classes = {
	};
	objectVersion = 50;
	objects = {

/* Begin PBXBuildFile section */
		D69FD54421C936FB00A1C1EF /* AppDelegate.swift in Sources */ = {isa = PBXBuildFile; fileRef = D69FD54321C936FB00A1C1EF /* AppDelegate.swift */; };
		D69FD54621C936FB00A1C1EF /* EnumsTableViewController.swift in Sources */ = {isa = PBXBuildFile; fileRef = D69FD54521C936FB00A1C1EF /* EnumsTableViewController.swift */; };
		D69FD54921C936FB00A1C1EF /* Main.storyboard in Resources */ = {isa = PBXBuildFile; fileRef = D69FD54721C936FB00A1C1EF /* Main.storyboard */; };
		D69FD54B21C936FC00A1C1EF /* Assets.xcassets in Resources */ = {isa = PBXBuildFile; fileRef = D69FD54A21C936FC00A1C1EF /* Assets.xcassets */; };
		D69FD54E21C936FC00A1C1EF /* LaunchScreen.storyboard in Resources */ = {isa = PBXBuildFile; fileRef = D69FD54C21C936FC00A1C1EF /* LaunchScreen.storyboard */; };
		D69FD55921C936FC00A1C1EF /* LambdaEnumsTests.swift in Sources */ = {isa = PBXBuildFile; fileRef = D69FD55821C936FC00A1C1EF /* LambdaEnumsTests.swift */; };
		D69FD56421C936FC00A1C1EF /* LambdaEnumsUITests.swift in Sources */ = {isa = PBXBuildFile; fileRef = D69FD56321C936FC00A1C1EF /* LambdaEnumsUITests.swift */; };
		D6B8D42121DFA21A0081BE14 /* SwitchTableViewCell.swift in Sources */ = {isa = PBXBuildFile; fileRef = D6B8D41F21DFA21A0081BE14 /* SwitchTableViewCell.swift */; };
		D6B8D42221DFA21A0081BE14 /* SwitchTableViewCell.xib in Resources */ = {isa = PBXBuildFile; fileRef = D6B8D42021DFA21A0081BE14 /* SwitchTableViewCell.xib */; };
		D6B8D42721DFA2330081BE14 /* SliderTableViewCell.swift in Sources */ = {isa = PBXBuildFile; fileRef = D6B8D42521DFA2330081BE14 /* SliderTableViewCell.swift */; };
		D6B8D42821DFA2330081BE14 /* SliderTableViewCell.xib in Resources */ = {isa = PBXBuildFile; fileRef = D6B8D42621DFA2330081BE14 /* SliderTableViewCell.xib */; };
		D6B8D42B21DFA23F0081BE14 /* TextTableViewCell.swift in Sources */ = {isa = PBXBuildFile; fileRef = D6B8D42921DFA23F0081BE14 /* TextTableViewCell.swift */; };
		D6B8D42C21DFA23F0081BE14 /* TextTableViewCell.xib in Resources */ = {isa = PBXBuildFile; fileRef = D6B8D42A21DFA23F0081BE14 /* TextTableViewCell.xib */; };
		D6B8D43021DFACD20081BE14 /* MoodEmoji.swift in Sources */ = {isa = PBXBuildFile; fileRef = D6B8D42F21DFACD20081BE14 /* MoodEmoji.swift */; };
/* End PBXBuildFile section */

/* Begin PBXContainerItemProxy section */
		D69FD55521C936FC00A1C1EF /* PBXContainerItemProxy */ = {
			isa = PBXContainerItemProxy;
			containerPortal = D69FD53821C936FB00A1C1EF /* Project object */;
			proxyType = 1;
			remoteGlobalIDString = D69FD53F21C936FB00A1C1EF;
			remoteInfo = LambdaEnums;
		};
		D69FD56021C936FC00A1C1EF /* PBXContainerItemProxy */ = {
			isa = PBXContainerItemProxy;
			containerPortal = D69FD53821C936FB00A1C1EF /* Project object */;
			proxyType = 1;
			remoteGlobalIDString = D69FD53F21C936FB00A1C1EF;
			remoteInfo = LambdaEnums;
		};
/* End PBXContainerItemProxy section */

/* Begin PBXFileReference section */
		D69FD54021C936FB00A1C1EF /* LambdaEnums.app */ = {isa = PBXFileReference; explicitFileType = wrapper.application; includeInIndex = 0; path = LambdaEnums.app; sourceTree = BUILT_PRODUCTS_DIR; };
		D69FD54321C936FB00A1C1EF /* AppDelegate.swift */ = {isa = PBXFileReference; lastKnownFileType = sourcecode.swift; path = AppDelegate.swift; sourceTree = "<group>"; };
		D69FD54521C936FB00A1C1EF /* EnumsTableViewController.swift */ = {isa = PBXFileReference; lastKnownFileType = sourcecode.swift; path = EnumsTableViewController.swift; sourceTree = "<group>"; };
		D69FD54821C936FB00A1C1EF /* Base */ = {isa = PBXFileReference; lastKnownFileType = file.storyboard; name = Base; path = Base.lproj/Main.storyboard; sourceTree = "<group>"; };
		D69FD54A21C936FC00A1C1EF /* Assets.xcassets */ = {isa = PBXFileReference; lastKnownFileType = folder.assetcatalog; path = Assets.xcassets; sourceTree = "<group>"; };
		D69FD54D21C936FC00A1C1EF /* Base */ = {isa = PBXFileReference; lastKnownFileType = file.storyboard; name = Base; path = Base.lproj/LaunchScreen.storyboard; sourceTree = "<group>"; };
		D69FD54F21C936FC00A1C1EF /* Info.plist */ = {isa = PBXFileReference; lastKnownFileType = text.plist.xml; path = Info.plist; sourceTree = "<group>"; };
		D69FD55421C936FC00A1C1EF /* LambdaEnumsTests.xctest */ = {isa = PBXFileReference; explicitFileType = wrapper.cfbundle; includeInIndex = 0; path = LambdaEnumsTests.xctest; sourceTree = BUILT_PRODUCTS_DIR; };
		D69FD55821C936FC00A1C1EF /* LambdaEnumsTests.swift */ = {isa = PBXFileReference; lastKnownFileType = sourcecode.swift; path = LambdaEnumsTests.swift; sourceTree = "<group>"; };
		D69FD55A21C936FC00A1C1EF /* Info.plist */ = {isa = PBXFileReference; lastKnownFileType = text.plist.xml; path = Info.plist; sourceTree = "<group>"; };
		D69FD55F21C936FC00A1C1EF /* LambdaEnumsUITests.xctest */ = {isa = PBXFileReference; explicitFileType = wrapper.cfbundle; includeInIndex = 0; path = LambdaEnumsUITests.xctest; sourceTree = BUILT_PRODUCTS_DIR; };
		D69FD56321C936FC00A1C1EF /* LambdaEnumsUITests.swift */ = {isa = PBXFileReference; lastKnownFileType = sourcecode.swift; path = LambdaEnumsUITests.swift; sourceTree = "<group>"; };
		D69FD56521C936FC00A1C1EF /* Info.plist */ = {isa = PBXFileReference; lastKnownFileType = text.plist.xml; path = Info.plist; sourceTree = "<group>"; };
		D6B8D41F21DFA21A0081BE14 /* SwitchTableViewCell.swift */ = {isa = PBXFileReference; lastKnownFileType = sourcecode.swift; path = SwitchTableViewCell.swift; sourceTree = "<group>"; };
		D6B8D42021DFA21A0081BE14 /* SwitchTableViewCell.xib */ = {isa = PBXFileReference; lastKnownFileType = file.xib; path = SwitchTableViewCell.xib; sourceTree = "<group>"; };
		D6B8D42521DFA2330081BE14 /* SliderTableViewCell.swift */ = {isa = PBXFileReference; lastKnownFileType = sourcecode.swift; path = SliderTableViewCell.swift; sourceTree = "<group>"; };
		D6B8D42621DFA2330081BE14 /* SliderTableViewCell.xib */ = {isa = PBXFileReference; lastKnownFileType = file.xib; path = SliderTableViewCell.xib; sourceTree = "<group>"; };
		D6B8D42921DFA23F0081BE14 /* TextTableViewCell.swift */ = {isa = PBXFileReference; lastKnownFileType = sourcecode.swift; path = TextTableViewCell.swift; sourceTree = "<group>"; };
		D6B8D42A21DFA23F0081BE14 /* TextTableViewCell.xib */ = {isa = PBXFileReference; lastKnownFileType = file.xib; path = TextTableViewCell.xib; sourceTree = "<group>"; };
		D6B8D42F21DFACD20081BE14 /* MoodEmoji.swift */ = {isa = PBXFileReference; lastKnownFileType = sourcecode.swift; path = MoodEmoji.swift; sourceTree = "<group>"; };
/* End PBXFileReference section */

/* Begin PBXFrameworksBuildPhase section */
		D69FD53D21C936FB00A1C1EF /* Frameworks */ = {
			isa = PBXFrameworksBuildPhase;
			buildActionMask = 2147483647;
			files = (
			);
			runOnlyForDeploymentPostprocessing = 0;
		};
		D69FD55121C936FC00A1C1EF /* Frameworks */ = {
			isa = PBXFrameworksBuildPhase;
			buildActionMask = 2147483647;
			files = (
			);
			runOnlyForDeploymentPostprocessing = 0;
		};
		D69FD55C21C936FC00A1C1EF /* Frameworks */ = {
			isa = PBXFrameworksBuildPhase;
			buildActionMask = 2147483647;
			files = (
			);
			runOnlyForDeploymentPostprocessing = 0;
		};
/* End PBXFrameworksBuildPhase section */

/* Begin PBXGroup section */
		D69FD53721C936FB00A1C1EF = {
			isa = PBXGroup;
			children = (
				D69FD54221C936FB00A1C1EF /* LambdaEnums */,
				D69FD55721C936FC00A1C1EF /* LambdaEnumsTests */,
				D69FD56221C936FC00A1C1EF /* LambdaEnumsUITests */,
				D69FD54121C936FB00A1C1EF /* Products */,
			);
			sourceTree = "<group>";
		};
		D69FD54121C936FB00A1C1EF /* Products */ = {
			isa = PBXGroup;
			children = (
				D69FD54021C936FB00A1C1EF /* LambdaEnums.app */,
				D69FD55421C936FC00A1C1EF /* LambdaEnumsTests.xctest */,
				D69FD55F21C936FC00A1C1EF /* LambdaEnumsUITests.xctest */,
			);
			name = Products;
			sourceTree = "<group>";
		};
		D69FD54221C936FB00A1C1EF /* LambdaEnums */ = {
			isa = PBXGroup;
			children = (
				D6B8D43221DFB1ED0081BE14 /* ViewControllers */,
				D6B8D43121DFADFB0081BE14 /* Model */,
				D6B8D41E21DFA1FD0081BE14 /* Cells */,
				D69FD54321C936FB00A1C1EF /* AppDelegate.swift */,
				D69FD54721C936FB00A1C1EF /* Main.storyboard */,
				D69FD54A21C936FC00A1C1EF /* Assets.xcassets */,
				D69FD54C21C936FC00A1C1EF /* LaunchScreen.storyboard */,
				D69FD54F21C936FC00A1C1EF /* Info.plist */,
			);
			path = LambdaEnums;
			sourceTree = "<group>";
		};
		D69FD55721C936FC00A1C1EF /* LambdaEnumsTests */ = {
			isa = PBXGroup;
			children = (
				D69FD55821C936FC00A1C1EF /* LambdaEnumsTests.swift */,
				D69FD55A21C936FC00A1C1EF /* Info.plist */,
			);
			path = LambdaEnumsTests;
			sourceTree = "<group>";
		};
		D69FD56221C936FC00A1C1EF /* LambdaEnumsUITests */ = {
			isa = PBXGroup;
			children = (
				D69FD56321C936FC00A1C1EF /* LambdaEnumsUITests.swift */,
				D69FD56521C936FC00A1C1EF /* Info.plist */,
			);
			path = LambdaEnumsUITests;
			sourceTree = "<group>";
		};
		D6B8D41E21DFA1FD0081BE14 /* Cells */ = {
			isa = PBXGroup;
			children = (
				D6B8D41F21DFA21A0081BE14 /* SwitchTableViewCell.swift */,
				D6B8D42021DFA21A0081BE14 /* SwitchTableViewCell.xib */,
				D6B8D42521DFA2330081BE14 /* SliderTableViewCell.swift */,
				D6B8D42621DFA2330081BE14 /* SliderTableViewCell.xib */,
				D6B8D42921DFA23F0081BE14 /* TextTableViewCell.swift */,
				D6B8D42A21DFA23F0081BE14 /* TextTableViewCell.xib */,
			);
			path = Cells;
			sourceTree = "<group>";
		};
		D6B8D43121DFADFB0081BE14 /* Model */ = {
			isa = PBXGroup;
			children = (
				D6B8D42F21DFACD20081BE14 /* MoodEmoji.swift */,
			);
			path = Model;
			sourceTree = "<group>";
		};
		D6B8D43221DFB1ED0081BE14 /* ViewControllers */ = {
			isa = PBXGroup;
			children = (
				D69FD54521C936FB00A1C1EF /* EnumsTableViewController.swift */,
			);
			path = ViewControllers;
			sourceTree = "<group>";
		};
/* End PBXGroup section */

/* Begin PBXNativeTarget section */
		D69FD53F21C936FB00A1C1EF /* LambdaEnums */ = {
			isa = PBXNativeTarget;
			buildConfigurationList = D69FD56821C936FC00A1C1EF /* Build configuration list for PBXNativeTarget "LambdaEnums" */;
			buildPhases = (
				D69FD53C21C936FB00A1C1EF /* Sources */,
				D69FD53D21C936FB00A1C1EF /* Frameworks */,
				D69FD53E21C936FB00A1C1EF /* Resources */,
			);
			buildRules = (
			);
			dependencies = (
			);
			name = LambdaEnums;
			productName = LambdaEnums;
			productReference = D69FD54021C936FB00A1C1EF /* LambdaEnums.app */;
			productType = "com.apple.product-type.application";
		};
		D69FD55321C936FC00A1C1EF /* LambdaEnumsTests */ = {
			isa = PBXNativeTarget;
			buildConfigurationList = D69FD56B21C936FC00A1C1EF /* Build configuration list for PBXNativeTarget "LambdaEnumsTests" */;
			buildPhases = (
				D69FD55021C936FC00A1C1EF /* Sources */,
				D69FD55121C936FC00A1C1EF /* Frameworks */,
				D69FD55221C936FC00A1C1EF /* Resources */,
			);
			buildRules = (
			);
			dependencies = (
				D69FD55621C936FC00A1C1EF /* PBXTargetDependency */,
			);
			name = LambdaEnumsTests;
			productName = LambdaEnumsTests;
			productReference = D69FD55421C936FC00A1C1EF /* LambdaEnumsTests.xctest */;
			productType = "com.apple.product-type.bundle.unit-test";
		};
		D69FD55E21C936FC00A1C1EF /* LambdaEnumsUITests */ = {
			isa = PBXNativeTarget;
			buildConfigurationList = D69FD56E21C936FC00A1C1EF /* Build configuration list for PBXNativeTarget "LambdaEnumsUITests" */;
			buildPhases = (
				D69FD55B21C936FC00A1C1EF /* Sources */,
				D69FD55C21C936FC00A1C1EF /* Frameworks */,
				D69FD55D21C936FC00A1C1EF /* Resources */,
			);
			buildRules = (
			);
			dependencies = (
				D69FD56121C936FC00A1C1EF /* PBXTargetDependency */,
			);
			name = LambdaEnumsUITests;
			productName = LambdaEnumsUITests;
			productReference = D69FD55F21C936FC00A1C1EF /* LambdaEnumsUITests.xctest */;
			productType = "com.apple.product-type.bundle.ui-testing";
		};
/* End PBXNativeTarget section */

/* Begin PBXProject section */
		D69FD53821C936FB00A1C1EF /* Project object */ = {
			isa = PBXProject;
			attributes = {
				LastSwiftUpdateCheck = 1010;
				LastUpgradeCheck = 1010;
				ORGANIZATIONNAME = "Abraham Hunt";
				TargetAttributes = {
					D69FD53F21C936FB00A1C1EF = {
						CreatedOnToolsVersion = 10.1;
					};
					D69FD55321C936FC00A1C1EF = {
						CreatedOnToolsVersion = 10.1;
						TestTargetID = D69FD53F21C936FB00A1C1EF;
					};
					D69FD55E21C936FC00A1C1EF = {
						CreatedOnToolsVersion = 10.1;
						TestTargetID = D69FD53F21C936FB00A1C1EF;
					};
				};
			};
			buildConfigurationList = D69FD53B21C936FB00A1C1EF /* Build configuration list for PBXProject "LambdaEnums" */;
			compatibilityVersion = "Xcode 9.3";
			developmentRegion = en;
			hasScannedForEncodings = 0;
			knownRegions = (
				en,
				Base,
			);
			mainGroup = D69FD53721C936FB00A1C1EF;
			productRefGroup = D69FD54121C936FB00A1C1EF /* Products */;
			projectDirPath = "";
			projectRoot = "";
			targets = (
				D69FD53F21C936FB00A1C1EF /* LambdaEnums */,
				D69FD55321C936FC00A1C1EF /* LambdaEnumsTests */,
				D69FD55E21C936FC00A1C1EF /* LambdaEnumsUITests */,
			);
		};
/* End PBXProject section */

/* Begin PBXResourcesBuildPhase section */
		D69FD53E21C936FB00A1C1EF /* Resources */ = {
			isa = PBXResourcesBuildPhase;
			buildActionMask = 2147483647;
			files = (
				D69FD54E21C936FC00A1C1EF /* LaunchScreen.storyboard in Resources */,
				D6B8D42821DFA2330081BE14 /* SliderTableViewCell.xib in Resources */,
				D6B8D42C21DFA23F0081BE14 /* TextTableViewCell.xib in Resources */,
				D6B8D42221DFA21A0081BE14 /* SwitchTableViewCell.xib in Resources */,
				D69FD54B21C936FC00A1C1EF /* Assets.xcassets in Resources */,
				D69FD54921C936FB00A1C1EF /* Main.storyboard in Resources */,
			);
			runOnlyForDeploymentPostprocessing = 0;
		};
		D69FD55221C936FC00A1C1EF /* Resources */ = {
			isa = PBXResourcesBuildPhase;
			buildActionMask = 2147483647;
			files = (
			);
			runOnlyForDeploymentPostprocessing = 0;
		};
		D69FD55D21C936FC00A1C1EF /* Resources */ = {
			isa = PBXResourcesBuildPhase;
			buildActionMask = 2147483647;
			files = (
			);
			runOnlyForDeploymentPostprocessing = 0;
		};
/* End PBXResourcesBuildPhase section */

/* Begin PBXSourcesBuildPhase section */
		D69FD53C21C936FB00A1C1EF /* Sources */ = {
			isa = PBXSourcesBuildPhase;
			buildActionMask = 2147483647;
			files = (
				D69FD54621C936FB00A1C1EF /* EnumsTableViewController.swift in Sources */,
				D69FD54421C936FB00A1C1EF /* AppDelegate.swift in Sources */,
				D6B8D42721DFA2330081BE14 /* SliderTableViewCell.swift in Sources */,
				D6B8D43021DFACD20081BE14 /* MoodEmoji.swift in Sources */,
				D6B8D42121DFA21A0081BE14 /* SwitchTableViewCell.swift in Sources */,
				D6B8D42B21DFA23F0081BE14 /* TextTableViewCell.swift in Sources */,
			);
			runOnlyForDeploymentPostprocessing = 0;
		};
		D69FD55021C936FC00A1C1EF /* Sources */ = {
			isa = PBXSourcesBuildPhase;
			buildActionMask = 2147483647;
			files = (
				D69FD55921C936FC00A1C1EF /* LambdaEnumsTests.swift in Sources */,
			);
			runOnlyForDeploymentPostprocessing = 0;
		};
		D69FD55B21C936FC00A1C1EF /* Sources */ = {
			isa = PBXSourcesBuildPhase;
			buildActionMask = 2147483647;
			files = (
				D69FD56421C936FC00A1C1EF /* LambdaEnumsUITests.swift in Sources */,
			);
			runOnlyForDeploymentPostprocessing = 0;
		};
/* End PBXSourcesBuildPhase section */

/* Begin PBXTargetDependency section */
		D69FD55621C936FC00A1C1EF /* PBXTargetDependency */ = {
			isa = PBXTargetDependency;
			target = D69FD53F21C936FB00A1C1EF /* LambdaEnums */;
			targetProxy = D69FD55521C936FC00A1C1EF /* PBXContainerItemProxy */;
		};
		D69FD56121C936FC00A1C1EF /* PBXTargetDependency */ = {
			isa = PBXTargetDependency;
			target = D69FD53F21C936FB00A1C1EF /* LambdaEnums */;
			targetProxy = D69FD56021C936FC00A1C1EF /* PBXContainerItemProxy */;
		};
/* End PBXTargetDependency section */

/* Begin PBXVariantGroup section */
		D69FD54721C936FB00A1C1EF /* Main.storyboard */ = {
			isa = PBXVariantGroup;
			children = (
				D69FD54821C936FB00A1C1EF /* Base */,
			);
			name = Main.storyboard;
			sourceTree = "<group>";
		};
		D69FD54C21C936FC00A1C1EF /* LaunchScreen.storyboard */ = {
			isa = PBXVariantGroup;
			children = (
				D69FD54D21C936FC00A1C1EF /* Base */,
			);
			name = LaunchScreen.storyboard;
			sourceTree = "<group>";
		};
/* End PBXVariantGroup section */

/* Begin XCBuildConfiguration section */
		D69FD56621C936FC00A1C1EF /* Debug */ = {
			isa = XCBuildConfiguration;
			buildSettings = {
				ALWAYS_SEARCH_USER_PATHS = NO;
				CLANG_ANALYZER_NONNULL = YES;
				CLANG_ANALYZER_NUMBER_OBJECT_CONVERSION = YES_AGGRESSIVE;
				CLANG_CXX_LANGUAGE_STANDARD = "gnu++14";
				CLANG_CXX_LIBRARY = "libc++";
				CLANG_ENABLE_MODULES = YES;
				CLANG_ENABLE_OBJC_ARC = YES;
				CLANG_ENABLE_OBJC_WEAK = YES;
				CLANG_WARN_BLOCK_CAPTURE_AUTORELEASING = YES;
				CLANG_WARN_BOOL_CONVERSION = YES;
				CLANG_WARN_COMMA = YES;
				CLANG_WARN_CONSTANT_CONVERSION = YES;
				CLANG_WARN_DEPRECATED_OBJC_IMPLEMENTATIONS = YES;
				CLANG_WARN_DIRECT_OBJC_ISA_USAGE = YES_ERROR;
				CLANG_WARN_DOCUMENTATION_COMMENTS = YES;
				CLANG_WARN_EMPTY_BODY = YES;
				CLANG_WARN_ENUM_CONVERSION = YES;
				CLANG_WARN_INFINITE_RECURSION = YES;
				CLANG_WARN_INT_CONVERSION = YES;
				CLANG_WARN_NON_LITERAL_NULL_CONVERSION = YES;
				CLANG_WARN_OBJC_IMPLICIT_RETAIN_SELF = YES;
				CLANG_WARN_OBJC_LITERAL_CONVERSION = YES;
				CLANG_WARN_OBJC_ROOT_CLASS = YES_ERROR;
				CLANG_WARN_RANGE_LOOP_ANALYSIS = YES;
				CLANG_WARN_STRICT_PROTOTYPES = YES;
				CLANG_WARN_SUSPICIOUS_MOVE = YES;
				CLANG_WARN_UNGUARDED_AVAILABILITY = YES_AGGRESSIVE;
				CLANG_WARN_UNREACHABLE_CODE = YES;
				CLANG_WARN__DUPLICATE_METHOD_MATCH = YES;
				CODE_SIGN_IDENTITY = "iPhone Developer";
				COPY_PHASE_STRIP = NO;
				DEBUG_INFORMATION_FORMAT = dwarf;
				ENABLE_STRICT_OBJC_MSGSEND = YES;
				ENABLE_TESTABILITY = YES;
				GCC_C_LANGUAGE_STANDARD = gnu11;
				GCC_DYNAMIC_NO_PIC = NO;
				GCC_NO_COMMON_BLOCKS = YES;
				GCC_OPTIMIZATION_LEVEL = 0;
				GCC_PREPROCESSOR_DEFINITIONS = (
					"DEBUG=1",
					"$(inherited)",
				);
				GCC_WARN_64_TO_32_BIT_CONVERSION = YES;
				GCC_WARN_ABOUT_RETURN_TYPE = YES_ERROR;
				GCC_WARN_UNDECLARED_SELECTOR = YES;
				GCC_WARN_UNINITIALIZED_AUTOS = YES_AGGRESSIVE;
				GCC_WARN_UNUSED_FUNCTION = YES;
				GCC_WARN_UNUSED_VARIABLE = YES;
				IPHONEOS_DEPLOYMENT_TARGET = 12.1;
				MTL_ENABLE_DEBUG_INFO = INCLUDE_SOURCE;
				MTL_FAST_MATH = YES;
				ONLY_ACTIVE_ARCH = YES;
				SDKROOT = iphoneos;
				SWIFT_ACTIVE_COMPILATION_CONDITIONS = DEBUG;
				SWIFT_OPTIMIZATION_LEVEL = "-Onone";
			};
			name = Debug;
		};
		D69FD56721C936FC00A1C1EF /* Release */ = {
			isa = XCBuildConfiguration;
			buildSettings = {
				ALWAYS_SEARCH_USER_PATHS = NO;
				CLANG_ANALYZER_NONNULL = YES;
				CLANG_ANALYZER_NUMBER_OBJECT_CONVERSION = YES_AGGRESSIVE;
				CLANG_CXX_LANGUAGE_STANDARD = "gnu++14";
				CLANG_CXX_LIBRARY = "libc++";
				CLANG_ENABLE_MODULES = YES;
				CLANG_ENABLE_OBJC_ARC = YES;
				CLANG_ENABLE_OBJC_WEAK = YES;
				CLANG_WARN_BLOCK_CAPTURE_AUTORELEASING = YES;
				CLANG_WARN_BOOL_CONVERSION = YES;
				CLANG_WARN_COMMA = YES;
				CLANG_WARN_CONSTANT_CONVERSION = YES;
				CLANG_WARN_DEPRECATED_OBJC_IMPLEMENTATIONS = YES;
				CLANG_WARN_DIRECT_OBJC_ISA_USAGE = YES_ERROR;
				CLANG_WARN_DOCUMENTATION_COMMENTS = YES;
				CLANG_WARN_EMPTY_BODY = YES;
				CLANG_WARN_ENUM_CONVERSION = YES;
				CLANG_WARN_INFINITE_RECURSION = YES;
				CLANG_WARN_INT_CONVERSION = YES;
				CLANG_WARN_NON_LITERAL_NULL_CONVERSION = YES;
				CLANG_WARN_OBJC_IMPLICIT_RETAIN_SELF = YES;
				CLANG_WARN_OBJC_LITERAL_CONVERSION = YES;
				CLANG_WARN_OBJC_ROOT_CLASS = YES_ERROR;
				CLANG_WARN_RANGE_LOOP_ANALYSIS = YES;
				CLANG_WARN_STRICT_PROTOTYPES = YES;
				CLANG_WARN_SUSPICIOUS_MOVE = YES;
				CLANG_WARN_UNGUARDED_AVAILABILITY = YES_AGGRESSIVE;
				CLANG_WARN_UNREACHABLE_CODE = YES;
				CLANG_WARN__DUPLICATE_METHOD_MATCH = YES;
				CODE_SIGN_IDENTITY = "iPhone Developer";
				COPY_PHASE_STRIP = NO;
				DEBUG_INFORMATION_FORMAT = "dwarf-with-dsym";
				ENABLE_NS_ASSERTIONS = NO;
				ENABLE_STRICT_OBJC_MSGSEND = YES;
				GCC_C_LANGUAGE_STANDARD = gnu11;
				GCC_NO_COMMON_BLOCKS = YES;
				GCC_WARN_64_TO_32_BIT_CONVERSION = YES;
				GCC_WARN_ABOUT_RETURN_TYPE = YES_ERROR;
				GCC_WARN_UNDECLARED_SELECTOR = YES;
				GCC_WARN_UNINITIALIZED_AUTOS = YES_AGGRESSIVE;
				GCC_WARN_UNUSED_FUNCTION = YES;
				GCC_WARN_UNUSED_VARIABLE = YES;
				IPHONEOS_DEPLOYMENT_TARGET = 12.1;
				MTL_ENABLE_DEBUG_INFO = NO;
				MTL_FAST_MATH = YES;
				SDKROOT = iphoneos;
				SWIFT_COMPILATION_MODE = wholemodule;
				SWIFT_OPTIMIZATION_LEVEL = "-O";
				VALIDATE_PRODUCT = YES;
			};
			name = Release;
		};
		D69FD56921C936FC00A1C1EF /* Debug */ = {
			isa = XCBuildConfiguration;
			buildSettings = {
				ASSETCATALOG_COMPILER_APPICON_NAME = AppIcon;
				CODE_SIGN_STYLE = Automatic;
				DEVELOPMENT_TEAM = DVQ53827XE;
				INFOPLIST_FILE = LambdaEnums/Info.plist;
				LD_RUNPATH_SEARCH_PATHS = (
					"$(inherited)",
					"@executable_path/Frameworks",
				);
				PRODUCT_BUNDLE_IDENTIFIER = com.abrahamhunt.LambdaEnums;
				PRODUCT_NAME = "$(TARGET_NAME)";
				SWIFT_VERSION = 4.2;
				TARGETED_DEVICE_FAMILY = "1,2";
			};
			name = Debug;
		};
		D69FD56A21C936FC00A1C1EF /* Release */ = {
			isa = XCBuildConfiguration;
			buildSettings = {
				ASSETCATALOG_COMPILER_APPICON_NAME = AppIcon;
				CODE_SIGN_STYLE = Automatic;
				DEVELOPMENT_TEAM = DVQ53827XE;
				INFOPLIST_FILE = LambdaEnums/Info.plist;
				LD_RUNPATH_SEARCH_PATHS = (
					"$(inherited)",
					"@executable_path/Frameworks",
				);
				PRODUCT_BUNDLE_IDENTIFIER = com.abrahamhunt.LambdaEnums;
				PRODUCT_NAME = "$(TARGET_NAME)";
				SWIFT_VERSION = 4.2;
				TARGETED_DEVICE_FAMILY = "1,2";
			};
			name = Release;
		};
		D69FD56C21C936FC00A1C1EF /* Debug */ = {
			isa = XCBuildConfiguration;
			buildSettings = {
				ALWAYS_EMBED_SWIFT_STANDARD_LIBRARIES = YES;
				BUNDLE_LOADER = "$(TEST_HOST)";
				CODE_SIGN_STYLE = Automatic;
				DEVELOPMENT_TEAM = DVQ53827XE;
				INFOPLIST_FILE = LambdaEnumsTests/Info.plist;
				LD_RUNPATH_SEARCH_PATHS = (
					"$(inherited)",
					"@executable_path/Frameworks",
					"@loader_path/Frameworks",
				);
				PRODUCT_BUNDLE_IDENTIFIER = com.abrahamhunt.LambdaEnumsTests;
				PRODUCT_NAME = "$(TARGET_NAME)";
				SWIFT_VERSION = 4.2;
				TARGETED_DEVICE_FAMILY = "1,2";
				TEST_HOST = "$(BUILT_PRODUCTS_DIR)/LambdaEnums.app/LambdaEnums";
			};
			name = Debug;
		};
		D69FD56D21C936FC00A1C1EF /* Release */ = {
			isa = XCBuildConfiguration;
			buildSettings = {
				ALWAYS_EMBED_SWIFT_STANDARD_LIBRARIES = YES;
				BUNDLE_LOADER = "$(TEST_HOST)";
				CODE_SIGN_STYLE = Automatic;
				DEVELOPMENT_TEAM = DVQ53827XE;
				INFOPLIST_FILE = LambdaEnumsTests/Info.plist;
				LD_RUNPATH_SEARCH_PATHS = (
					"$(inherited)",
					"@executable_path/Frameworks",
					"@loader_path/Frameworks",
				);
				PRODUCT_BUNDLE_IDENTIFIER = com.abrahamhunt.LambdaEnumsTests;
				PRODUCT_NAME = "$(TARGET_NAME)";
				SWIFT_VERSION = 4.2;
				TARGETED_DEVICE_FAMILY = "1,2";
				TEST_HOST = "$(BUILT_PRODUCTS_DIR)/LambdaEnums.app/LambdaEnums";
			};
			name = Release;
		};
		D69FD56F21C936FC00A1C1EF /* Debug */ = {
			isa = XCBuildConfiguration;
			buildSettings = {
				ALWAYS_EMBED_SWIFT_STANDARD_LIBRARIES = YES;
				CODE_SIGN_STYLE = Automatic;
				DEVELOPMENT_TEAM = DVQ53827XE;
				INFOPLIST_FILE = LambdaEnumsUITests/Info.plist;
				LD_RUNPATH_SEARCH_PATHS = (
					"$(inherited)",
					"@executable_path/Frameworks",
					"@loader_path/Frameworks",
				);
				PRODUCT_BUNDLE_IDENTIFIER = com.abrahamhunt.LambdaEnumsUITests;
				PRODUCT_NAME = "$(TARGET_NAME)";
				SWIFT_VERSION = 4.2;
				TARGETED_DEVICE_FAMILY = "1,2";
				TEST_TARGET_NAME = LambdaEnums;
			};
			name = Debug;
		};
		D69FD57021C936FC00A1C1EF /* Release */ = {
			isa = XCBuildConfiguration;
			buildSettings = {
				ALWAYS_EMBED_SWIFT_STANDARD_LIBRARIES = YES;
				CODE_SIGN_STYLE = Automatic;
				DEVELOPMENT_TEAM = DVQ53827XE;
				INFOPLIST_FILE = LambdaEnumsUITests/Info.plist;
				LD_RUNPATH_SEARCH_PATHS = (
					"$(inherited)",
					"@executable_path/Frameworks",
					"@loader_path/Frameworks",
				);
				PRODUCT_BUNDLE_IDENTIFIER = com.abrahamhunt.LambdaEnumsUITests;
				PRODUCT_NAME = "$(TARGET_NAME)";
				SWIFT_VERSION = 4.2;
				TARGETED_DEVICE_FAMILY = "1,2";
				TEST_TARGET_NAME = LambdaEnums;
			};
			name = Release;
		};
/* End XCBuildConfiguration section */

/* Begin XCConfigurationList section */
		D69FD53B21C936FB00A1C1EF /* Build configuration list for PBXProject "LambdaEnums" */ = {
			isa = XCConfigurationList;
			buildConfigurations = (
				D69FD56621C936FC00A1C1EF /* Debug */,
				D69FD56721C936FC00A1C1EF /* Release */,
			);
			defaultConfigurationIsVisible = 0;
			defaultConfigurationName = Release;
		};
		D69FD56821C936FC00A1C1EF /* Build configuration list for PBXNativeTarget "LambdaEnums" */ = {
			isa = XCConfigurationList;
			buildConfigurations = (
				D69FD56921C936FC00A1C1EF /* Debug */,
				D69FD56A21C936FC00A1C1EF /* Release */,
			);
			defaultConfigurationIsVisible = 0;
			defaultConfigurationName = Release;
		};
		D69FD56B21C936FC00A1C1EF /* Build configuration list for PBXNativeTarget "LambdaEnumsTests" */ = {
			isa = XCConfigurationList;
			buildConfigurations = (
				D69FD56C21C936FC00A1C1EF /* Debug */,
				D69FD56D21C936FC00A1C1EF /* Release */,
			);
			defaultConfigurationIsVisible = 0;
			defaultConfigurationName = Release;
		};
		D69FD56E21C936FC00A1C1EF /* Build configuration list for PBXNativeTarget "LambdaEnumsUITests" */ = {
			isa = XCConfigurationList;
			buildConfigurations = (
				D69FD56F21C936FC00A1C1EF /* Debug */,
				D69FD57021C936FC00A1C1EF /* Release */,
			);
			defaultConfigurationIsVisible = 0;
			defaultConfigurationName = Release;
		};
/* End XCConfigurationList section */
	};
	rootObject = D69FD53821C936FB00A1C1EF /* Project object */;
}
